
Microsoft Visual Studio Solution File, Format Version 12.00
# Visual Studio 15
VisualStudioVersion = 15.0.27703.1
MinimumVisualStudioVersion = 10.0.40219.1
Project("{9A19103F-16F7-4668-BE54-9A1E7A4F7556}") = "FakeAGS", "FakeAGS\FakeAGS.csproj", "{7573D73A-3523-47E1-BA53-EF09D8810999}"
EndProject
Project("{D954291E-2A0B-460D-934E-DC6B0785DB48}") = "FakeAGSTestGame", "FakeAGSTestGame\FakeAGSTestGame.shproj", "{1CB6C52A-B89C-4E8D-BAA0-165BA5C4C696}"
EndProject
Project("{FAE04EC0-301F-11D3-BF4B-00C04F79EFBC}") = "FakeAGSTestGame.Desktop", "FakeAGSTestGame.Desktop\FakeAGSTestGame.Desktop.csproj", "{F665EBAF-B657-4F6D-AC10-F7151D81711C}"
EndProject
Project("{2150E333-8FDC-42A3-9474-1A3956D46DE8}") = "TestGame", "TestGame", "{37A1C0BB-52E2-46C3-A58A-A1337D0CD461}"
EndProject
Global
	GlobalSection(SharedMSBuildProjectFiles) = preSolution
		FakeAGSTestGame\FakeAGSTestGame.projitems*{1cb6c52a-b89c-4e8d-baa0-165ba5c4c696}*SharedItemsImports = 13
		FakeAGSTestGame\FakeAGSTestGame.projitems*{f665ebaf-b657-4f6d-ac10-f7151d81711c}*SharedItemsImports = 4
	EndGlobalSection
	GlobalSection(SolutionConfigurationPlatforms) = preSolution
		Debug|Any CPU = Debug|Any CPU
		Release|Any CPU = Release|Any CPU
	EndGlobalSection
	GlobalSection(ProjectConfigurationPlatforms) = postSolution
		{7573D73A-3523-47E1-BA53-EF09D8810999}.Debug|Any CPU.ActiveCfg = Debug|Any CPU
		{7573D73A-3523-47E1-BA53-EF09D8810999}.Debug|Any CPU.Build.0 = Debug|Any CPU
		{7573D73A-3523-47E1-BA53-EF09D8810999}.Release|Any CPU.ActiveCfg = Release|Any CPU
		{7573D73A-3523-47E1-BA53-EF09D8810999}.Release|Any CPU.Build.0 = Release|Any CPU
		{F665EBAF-B657-4F6D-AC10-F7151D81711C}.Debug|Any CPU.ActiveCfg = Debug|Any CPU
		{F665EBAF-B657-4F6D-AC10-F7151D81711C}.Debug|Any CPU.Build.0 = Debug|Any CPU
		{F665EBAF-B657-4F6D-AC10-F7151D81711C}.Release|Any CPU.ActiveCfg = Release|Any CPU
		{F665EBAF-B657-4F6D-AC10-F7151D81711C}.Release|Any CPU.Build.0 = Release|Any CPU
	EndGlobalSection
	GlobalSection(SolutionProperties) = preSolution
		HideSolutionNode = FALSE
	EndGlobalSection
	GlobalSection(NestedProjects) = preSolution
		{1CB6C52A-B89C-4E8D-BAA0-165BA5C4C696} = {37A1C0BB-52E2-46C3-A58A-A1337D0CD461}
		{F665EBAF-B657-4F6D-AC10-F7151D81711C} = {37A1C0BB-52E2-46C3-A58A-A1337D0CD461}
	EndGlobalSection
	GlobalSection(ExtensibilityGlobals) = postSolution
		SolutionGuid = {45403541-14BF-41CB-B2FE-7FC2BE5C625B}
	EndGlobalSection
EndGlobal
